{
    "_readme": [
        "This file locks the dependencies of your project to a known state",
        "Read more about it at https://getcomposer.org/doc/01-basic-usage.md#composer-lock-the-lock-file",
        "This file is @generated automatically"
    ],
    "content-hash": "0043ff559f3d06d25e35e19582c85d5c",
    "packages": [
        {
            "name": "JayJay/Backend",
            "version": "v1.0",
            "source": {
                "type": "git",
                "url": "https://github.com/cheb60/Backend.git",
                "reference": "fbcb14444c7f94936cbce18ad16155e2a3e1f3ab"
            },
            "dist": {
                "type": "zip",
                "url": "https://api.github.com/repos/cheb60/Backend/zipball/fbcb14444c7f94936cbce18ad16155e2a3e1f3ab",
                "reference": "fbcb14444c7f94936cbce18ad16155e2a3e1f3ab",
                "shasum": ""
            },
            "type": "library",
            "license": [
                "proprietary"
            ],
            "authors": [
                {
                    "name": "Jeroen Wallbrink",
                    "email": "jeroenwallbrink@gmail.com"
                }
            ],
            "description": "JayJay Backend",
            "support": {
                "source": "https://github.com/cheb60/Backend/tree/v1.0",
                "issues": "https://github.com/cheb60/Backend/issues"
            },
            "time": "2018-04-07T21:57:03+00:00"
        }
    ],
    "packages-dev": [],
    "aliases": [],
    "minimum-stability": "stable",
    "stability-flags": [],
    "prefer-stable": false,
    "prefer-lowest": false,
    "platform": {
        "php": "^7.1"
    },
    "platform-dev": []
}
